
Microsoft Visual Studio Solution File, Format Version 12.00
# Visual Studio Version 17
VisualStudioVersion = 17.12.35707.178
MinimumVisualStudioVersion = 10.0.40219.1
Project("{FAE04EC0-301F-11D3-BF4B-00C04F79EFBC}") = "library.api", "library.api\library.api.csproj", "{B796D74E-261C-4C4D-B961-3C0C786D89A2}"
EndProject
Project("{FAE04EC0-301F-11D3-BF4B-00C04F79EFBC}") = "library.core", "..\library.core\library.core.csproj", "{F096F437-EC5E-49E6-8ED7-372227C4A49B}"
EndProject
Project("{FAE04EC0-301F-11D3-BF4B-00C04F79EFBC}") = "library.Infrastructure", "..\library.Infrastructure\library.Infrastructure.csproj", "{4E45BC08-A2D9-4CA3-8237-14463651487C}"
EndProject
Project("{FAE04EC0-301F-11D3-BF4B-00C04F79EFBC}") = "library.application", "..\library.application\library.application.csproj", "{683B2B16-296E-4B1B-94BF-5B11A877C832}"
EndProject
Global
	GlobalSection(SolutionConfigurationPlatforms) = preSolution
		Debug|Any CPU = Debug|Any CPU
		Release|Any CPU = Release|Any CPU
	EndGlobalSection
	GlobalSection(ProjectConfigurationPlatforms) = postSolution
		{B796D74E-261C-4C4D-B961-3C0C786D89A2}.Debug|Any CPU.ActiveCfg = Debug|Any CPU
		{B796D74E-261C-4C4D-B961-3C0C786D89A2}.Debug|Any CPU.Build.0 = Debug|Any CPU
		{B796D74E-261C-4C4D-B961-3C0C786D89A2}.Release|Any CPU.ActiveCfg = Release|Any CPU
		{B796D74E-261C-4C4D-B961-3C0C786D89A2}.Release|Any CPU.Build.0 = Release|Any CPU
		{F096F437-EC5E-49E6-8ED7-372227C4A49B}.Debug|Any CPU.ActiveCfg = Debug|Any CPU
		{F096F437-EC5E-49E6-8ED7-372227C4A49B}.Debug|Any CPU.Build.0 = Debug|Any CPU
		{F096F437-EC5E-49E6-8ED7-372227C4A49B}.Release|Any CPU.ActiveCfg = Release|Any CPU
		{F096F437-EC5E-49E6-8ED7-372227C4A49B}.Release|Any CPU.Build.0 = Release|Any CPU
		{4E45BC08-A2D9-4CA3-8237-14463651487C}.Debug|Any CPU.ActiveCfg = Debug|Any CPU
		{4E45BC08-A2D9-4CA3-8237-14463651487C}.Debug|Any CPU.Build.0 = Debug|Any CPU
		{4E45BC08-A2D9-4CA3-8237-14463651487C}.Release|Any CPU.ActiveCfg = Release|Any CPU
		{4E45BC08-A2D9-4CA3-8237-14463651487C}.Release|Any CPU.Build.0 = Release|Any CPU
		{683B2B16-296E-4B1B-94BF-5B11A877C832}.Debug|Any CPU.ActiveCfg = Debug|Any CPU
		{683B2B16-296E-4B1B-94BF-5B11A877C832}.Debug|Any CPU.Build.0 = Debug|Any CPU
		{683B2B16-296E-4B1B-94BF-5B11A877C832}.Release|Any CPU.ActiveCfg = Release|Any CPU
		{683B2B16-296E-4B1B-94BF-5B11A877C832}.Release|Any CPU.Build.0 = Release|Any CPU
	EndGlobalSection
	GlobalSection(SolutionProperties) = preSolution
		HideSolutionNode = FALSE
	EndGlobalSection
EndGlobal
